
Microsoft Visual Studio Solution File, Format Version 12.00
# Visual Studio Version 17
VisualStudioVersion = 17.2.32602.215
MinimumVisualStudioVersion = 10.0.40219.1
Project("{FAE04EC0-301F-11D3-BF4B-00C04F79EFBC}") = "ATMachineService", "ATMachineService.csproj", "{1AE671D1-FB17-45DA-9FE0-104164BAC77F}"
EndProject
Project("{FAE04EC0-301F-11D3-BF4B-00C04F79EFBC}") = "ATMachineService.Tests", "..\ATMachineService.Tests\ATMachineService.Tests.csproj", "{BF104FD1-9472-4F59-9369-44EDFCF20BCA}"
EndProject
Global
	GlobalSection(SolutionConfigurationPlatforms) = preSolution
		Debug|Any CPU = Debug|Any CPU
		Release|Any CPU = Release|Any CPU
	EndGlobalSection
	GlobalSection(ProjectConfigurationPlatforms) = postSolution
		{1AE671D1-FB17-45DA-9FE0-104164BAC77F}.Debug|Any CPU.ActiveCfg = Debug|Any CPU
		{1AE671D1-FB17-45DA-9FE0-104164BAC77F}.Debug|Any CPU.Build.0 = Debug|Any CPU
		{1AE671D1-FB17-45DA-9FE0-104164BAC77F}.Release|Any CPU.ActiveCfg = Release|Any CPU
		{1AE671D1-FB17-45DA-9FE0-104164BAC77F}.Release|Any CPU.Build.0 = Release|Any CPU
		{BF104FD1-9472-4F59-9369-44EDFCF20BCA}.Debug|Any CPU.ActiveCfg = Debug|Any CPU
		{BF104FD1-9472-4F59-9369-44EDFCF20BCA}.Debug|Any CPU.Build.0 = Debug|Any CPU
		{BF104FD1-9472-4F59-9369-44EDFCF20BCA}.Release|Any CPU.ActiveCfg = Release|Any CPU
		{BF104FD1-9472-4F59-9369-44EDFCF20BCA}.Release|Any CPU.Build.0 = Release|Any CPU
	EndGlobalSection
	GlobalSection(SolutionProperties) = preSolution
		HideSolutionNode = FALSE
	EndGlobalSection
	GlobalSection(ExtensibilityGlobals) = postSolution
		SolutionGuid = {43333F78-C2A1-415B-A918-FD377EDCFC83}
	EndGlobalSection
EndGlobal
